
Microsoft Visual Studio Solution File, Format Version 12.00
# Visual Studio Version 16
VisualStudioVersion = 16.0.29209.62
MinimumVisualStudioVersion = 10.0.40219.1
Project("{FAE04EC0-301F-11D3-BF4B-00C04F79EFBC}") = "DogSpyCam", "DogSpyCam\DogSpyCam.csproj", "{4D3C1810-F1BE-4DEA-BC9A-4BB5E8E8EAFB}"
EndProject
Global
	GlobalSection(SolutionConfigurationPlatforms) = preSolution
		Debug|Any CPU = Debug|Any CPU
		Release|Any CPU = Release|Any CPU
	EndGlobalSection
	GlobalSection(ProjectConfigurationPlatforms) = postSolution
		{4D3C1810-F1BE-4DEA-BC9A-4BB5E8E8EAFB}.Debug|Any CPU.ActiveCfg = Debug|Any CPU
		{4D3C1810-F1BE-4DEA-BC9A-4BB5E8E8EAFB}.Debug|Any CPU.Build.0 = Debug|Any CPU
		{4D3C1810-F1BE-4DEA-BC9A-4BB5E8E8EAFB}.Release|Any CPU.ActiveCfg = Release|Any CPU
		{4D3C1810-F1BE-4DEA-BC9A-4BB5E8E8EAFB}.Release|Any CPU.Build.0 = Release|Any CPU
	EndGlobalSection
	GlobalSection(SolutionProperties) = preSolution
		HideSolutionNode = FALSE
	EndGlobalSection
	GlobalSection(ExtensibilityGlobals) = postSolution
		SolutionGuid = {BBAFE151-BDA0-4AF2-AF4F-45D845426D2E}
	EndGlobalSection
EndGlobal
